lockfileVersion: '9.0'

settings:
  autoInstallPeers: true
  excludeLinksFromLockfile: false

importers:

  .:
    dependencies:
      jotai:
        specifier: ^2.13.0
        version: 2.13.0

packages:

  jotai@2.13.0:
    resolution: {integrity: sha512-H43zXdanNTdpfOEJ4NVbm4hgmrctpXLZagjJNcqAywhUv+sTE7esvFjwm5oBg/ywT9Qw63lIkM6fjrhFuW8UDg==}
    engines: {node: '>=12.20.0'}
    peerDependencies:
      '@babel/core': '>=7.0.0'
      '@babel/template': '>=7.0.0'
      '@types/react': '>=17.0.0'
      react: '>=17.0.0'
    peerDependenciesMeta:
      '@babel/core':
        optional: true
      '@babel/template':
        optional: true
      '@types/react':
        optional: true
      react:
        optional: true

snapshots:

  jotai@2.13.0: {}
